
Microsoft Visual Studio Solution File, Format Version 12.00
# Visual Studio 15
VisualStudioVersion = 15.0.28010.2019
MinimumVisualStudioVersion = 10.0.40219.1
Project("{9A19103F-16F7-4668-BE54-9A1E7A4F7556}") = "EnumerableDataReaderAdapter", "EnumerableDataReaderAdapter\EnumerableDataReaderAdapter.csproj", "{A34CDD7F-4154-4858-9387-316009C970A5}"
EndProject
Project("{9A19103F-16F7-4668-BE54-9A1E7A4F7556}") = "EnumerableDataReaderAdapter.Tests", "EnumerableDataReaderAdapter.Tests\EnumerableDataReaderAdapter.Tests.csproj", "{2C75B071-EE94-4D09-9923-E9C9AC420C32}"
EndProject
Project("{9A19103F-16F7-4668-BE54-9A1E7A4F7556}") = "EnumerableDataReaderAdapter.Benchmarks", "EnumerableDataReaderAdapter.Benchmarks\EnumerableDataReaderAdapter.Benchmarks.csproj", "{8BD8E320-D362-4CD3-B6EF-3A2DD07B3C8E}"
EndProject
Global
	GlobalSection(SolutionConfigurationPlatforms) = preSolution
		Debug|Any CPU = Debug|Any CPU
		Release|Any CPU = Release|Any CPU
	EndGlobalSection
	GlobalSection(ProjectConfigurationPlatforms) = postSolution
		{A34CDD7F-4154-4858-9387-316009C970A5}.Debug|Any CPU.ActiveCfg = Debug|Any CPU
		{A34CDD7F-4154-4858-9387-316009C970A5}.Debug|Any CPU.Build.0 = Debug|Any CPU
		{A34CDD7F-4154-4858-9387-316009C970A5}.Release|Any CPU.ActiveCfg = Release|Any CPU
		{A34CDD7F-4154-4858-9387-316009C970A5}.Release|Any CPU.Build.0 = Release|Any CPU
		{2C75B071-EE94-4D09-9923-E9C9AC420C32}.Debug|Any CPU.ActiveCfg = Debug|Any CPU
		{2C75B071-EE94-4D09-9923-E9C9AC420C32}.Debug|Any CPU.Build.0 = Debug|Any CPU
		{2C75B071-EE94-4D09-9923-E9C9AC420C32}.Release|Any CPU.ActiveCfg = Release|Any CPU
		{2C75B071-EE94-4D09-9923-E9C9AC420C32}.Release|Any CPU.Build.0 = Release|Any CPU
		{8BD8E320-D362-4CD3-B6EF-3A2DD07B3C8E}.Debug|Any CPU.ActiveCfg = Debug|Any CPU
		{8BD8E320-D362-4CD3-B6EF-3A2DD07B3C8E}.Debug|Any CPU.Build.0 = Debug|Any CPU
		{8BD8E320-D362-4CD3-B6EF-3A2DD07B3C8E}.Release|Any CPU.ActiveCfg = Release|Any CPU
		{8BD8E320-D362-4CD3-B6EF-3A2DD07B3C8E}.Release|Any CPU.Build.0 = Release|Any CPU
	EndGlobalSection
	GlobalSection(SolutionProperties) = preSolution
		HideSolutionNode = FALSE
	EndGlobalSection
	GlobalSection(ExtensibilityGlobals) = postSolution
		SolutionGuid = {8688DA1B-C57F-463E-A041-636EEEFB7D51}
	EndGlobalSection
EndGlobal
